
Microsoft Visual Studio Solution File, Format Version 12.00
# Visual Studio Version 16
VisualStudioVersion = 16.0.31025.194
MinimumVisualStudioVersion = 10.0.40219.1
Project("{FAE04EC0-301F-11D3-BF4B-00C04F79EFBC}") = "Synoptic", "Synoptic\Synoptic.csproj", "{E6EB6957-E5E8-451E-8DCA-D2EFB2FBD1DB}"
EndProject
Global
	GlobalSection(SolutionConfigurationPlatforms) = preSolution
		Debug|Any CPU = Debug|Any CPU
		Release|Any CPU = Release|Any CPU
	EndGlobalSection
	GlobalSection(ProjectConfigurationPlatforms) = postSolution
		{E6EB6957-E5E8-451E-8DCA-D2EFB2FBD1DB}.Debug|Any CPU.ActiveCfg = Debug|Any CPU
		{E6EB6957-E5E8-451E-8DCA-D2EFB2FBD1DB}.Debug|Any CPU.Build.0 = Debug|Any CPU
		{E6EB6957-E5E8-451E-8DCA-D2EFB2FBD1DB}.Release|Any CPU.ActiveCfg = Release|Any CPU
		{E6EB6957-E5E8-451E-8DCA-D2EFB2FBD1DB}.Release|Any CPU.Build.0 = Release|Any CPU
	EndGlobalSection
	GlobalSection(SolutionProperties) = preSolution
		HideSolutionNode = FALSE
	EndGlobalSection
	GlobalSection(ExtensibilityGlobals) = postSolution
		SolutionGuid = {7629B980-02EC-407D-B587-3EA803294034}
	EndGlobalSection
EndGlobal
